// !$*UTF8*$!
{
	archiveVersion = 1;
	classes = {
	};
	objectVersion = 54;
	objects = {

/* Begin PBXBuildFile section */
		205850D72A8DEF340085A8B0 /* UICollectionViewAdapterData.swift in Sources */ = {isa = PBXBuildFile; fileRef = 205850D62A8DEF340085A8B0 /* UICollectionViewAdapterData.swift */; };
		205850D92A8DEF570085A8B0 /* StickyViewController.swift in Sources */ = {isa = PBXBuildFile; fileRef = 205850D82A8DEF570085A8B0 /* StickyViewController.swift */; };
		205850DC2A8DF0670085A8B0 /* EasyConstraints in Frameworks */ = {isa = PBXBuildFile; productRef = 205850DB2A8DF0670085A8B0 /* EasyConstraints */; };
		205850DE2A8DF0E40085A8B0 /* UICollectionViewAdapterCellProtocol.swift in Sources */ = {isa = PBXBuildFile; fileRef = 205850DD2A8DF0E40085A8B0 /* UICollectionViewAdapterCellProtocol.swift */; };
		20AE47F328AB85F900EFBC9A /* CollectionViewAdapter.swift in Sources */ = {isa = PBXBuildFile; fileRef = 20AE47F128AB85F900EFBC9A /* CollectionViewAdapter.swift */; };
		20AE47F428AB85F900EFBC9A /* CollectionView+Cell.swift in Sources */ = {isa = PBXBuildFile; fileRef = 20AE47F228AB85F900EFBC9A /* CollectionView+Cell.swift */; };
		20AE47F628AB86EA00EFBC9A /* README.md in Resources */ = {isa = PBXBuildFile; fileRef = 20AE47F528AB86EA00EFBC9A /* README.md */; };
		20D7E3372CC7700B00556DCD /* UICollctionView+Adapter.swift in Sources */ = {isa = PBXBuildFile; fileRef = 20D7E3362CC76FF000556DCD /* UICollctionView+Adapter.swift */; };
		5219671E22DD564000ABC0EF /* AppDelegate.swift in Sources */ = {isa = PBXBuildFile; fileRef = 5219671D22DD564000ABC0EF /* AppDelegate.swift */; };
		5219672022DD564000ABC0EF /* ViewController.swift in Sources */ = {isa = PBXBuildFile; fileRef = 5219671F22DD564000ABC0EF /* ViewController.swift */; };
		5219672322DD564000ABC0EF /* Main.storyboard in Resources */ = {isa = PBXBuildFile; fileRef = 5219672122DD564000ABC0EF /* Main.storyboard */; };
		5219672522DD564100ABC0EF /* Assets.xcassets in Resources */ = {isa = PBXBuildFile; fileRef = 5219672422DD564100ABC0EF /* Assets.xcassets */; };
		5219672822DD564100ABC0EF /* LaunchScreen.storyboard in Resources */ = {isa = PBXBuildFile; fileRef = 5219672622DD564100ABC0EF /* LaunchScreen.storyboard */; };
		5219673A22DD5F6900ABC0EF /* TestCollectionViewCell.swift in Sources */ = {isa = PBXBuildFile; fileRef = 5219673822DD5F6900ABC0EF /* TestCollectionViewCell.swift */; };
		5219673B22DD5F6900ABC0EF /* TestCollectionViewCell.xib in Resources */ = {isa = PBXBuildFile; fileRef = 5219673922DD5F6900ABC0EF /* TestCollectionViewCell.xib */; };
		5219673E22DD60BF00ABC0EF /* TestHeadCollectionReusableView.swift in Sources */ = {isa = PBXBuildFile; fileRef = 5219673C22DD60BF00ABC0EF /* TestHeadCollectionReusableView.swift */; };
		5219673F22DD60BF00ABC0EF /* TestHeadCollectionReusableView.xib in Resources */ = {isa = PBXBuildFile; fileRef = 5219673D22DD60BF00ABC0EF /* TestHeadCollectionReusableView.xib */; };
		5219674222DD684900ABC0EF /* TestFooterCollectionReusableView.swift in Sources */ = {isa = PBXBuildFile; fileRef = 5219674022DD684900ABC0EF /* TestFooterCollectionReusableView.swift */; };
		5219674322DD684900ABC0EF /* TestFooterCollectionReusableView.xib in Resources */ = {isa = PBXBuildFile; fileRef = 5219674122DD684900ABC0EF /* TestFooterCollectionReusableView.xib */; };
/* End PBXBuildFile section */

/* Begin PBXFileReference section */
		205850D62A8DEF340085A8B0 /* UICollectionViewAdapterData.swift */ = {isa = PBXFileReference; lastKnownFileType = sourcecode.swift; path = UICollectionViewAdapterData.swift; sourceTree = "<group>"; };
		205850D82A8DEF570085A8B0 /* StickyViewController.swift */ = {isa = PBXFileReference; lastKnownFileType = sourcecode.swift; path = StickyViewController.swift; sourceTree = "<group>"; };
		205850DD2A8DF0E40085A8B0 /* UICollectionViewAdapterCellProtocol.swift */ = {isa = PBXFileReference; lastKnownFileType = sourcecode.swift; path = UICollectionViewAdapterCellProtocol.swift; sourceTree = "<group>"; };
		20AE47F128AB85F900EFBC9A /* CollectionViewAdapter.swift */ = {isa = PBXFileReference; fileEncoding = 4; lastKnownFileType = sourcecode.swift; path = CollectionViewAdapter.swift; sourceTree = "<group>"; };
		20AE47F228AB85F900EFBC9A /* CollectionView+Cell.swift */ = {isa = PBXFileReference; fileEncoding = 4; lastKnownFileType = sourcecode.swift; path = "CollectionView+Cell.swift"; sourceTree = "<group>"; };
		20AE47F528AB86EA00EFBC9A /* README.md */ = {isa = PBXFileReference; fileEncoding = 4; lastKnownFileType = net.daringfireball.markdown; name = README.md; path = ../README.md; sourceTree = "<group>"; };
		20D7E3362CC76FF000556DCD /* UICollctionView+Adapter.swift */ = {isa = PBXFileReference; lastKnownFileType = sourcecode.swift; path = "UICollctionView+Adapter.swift"; sourceTree = "<group>"; };
		5219671A22DD564000ABC0EF /* CollectionViewAdapter.app */ = {isa = PBXFileReference; explicitFileType = wrapper.application; includeInIndex = 0; path = CollectionViewAdapter.app; sourceTree = BUILT_PRODUCTS_DIR; };
		5219671D22DD564000ABC0EF /* AppDelegate.swift */ = {isa = PBXFileReference; lastKnownFileType = sourcecode.swift; path = AppDelegate.swift; sourceTree = "<group>"; };
		5219671F22DD564000ABC0EF /* ViewController.swift */ = {isa = PBXFileReference; lastKnownFileType = sourcecode.swift; path = ViewController.swift; sourceTree = "<group>"; };
		5219672222DD564000ABC0EF /* Base */ = {isa = PBXFileReference; lastKnownFileType = file.storyboard; name = Base; path = Base.lproj/Main.storyboard; sourceTree = "<group>"; };
		5219672422DD564100ABC0EF /* Assets.xcassets */ = {isa = PBXFileReference; lastKnownFileType = folder.assetcatalog; path = Assets.xcassets; sourceTree = "<group>"; };
		5219672722DD564100ABC0EF /* Base */ = {isa = PBXFileReference; lastKnownFileType = file.storyboard; name = Base; path = Base.lproj/LaunchScreen.storyboard; sourceTree = "<group>"; };
		5219672922DD564100ABC0EF /* Info.plist */ = {isa = PBXFileReference; lastKnownFileType = text.plist.xml; path = Info.plist; sourceTree = "<group>"; };
		5219673822DD5F6900ABC0EF /* TestCollectionViewCell.swift */ = {isa = PBXFileReference; lastKnownFileType = sourcecode.swift; path = TestCollectionViewCell.swift; sourceTree = "<group>"; };
		5219673922DD5F6900ABC0EF /* TestCollectionViewCell.xib */ = {isa = PBXFileReference; lastKnownFileType = file.xib; path = TestCollectionViewCell.xib; sourceTree = "<group>"; };
		5219673C22DD60BF00ABC0EF /* TestHeadCollectionReusableView.swift */ = {isa = PBXFileReference; lastKnownFileType = sourcecode.swift; path = TestHeadCollectionReusableView.swift; sourceTree = "<group>"; };
		5219673D22DD60BF00ABC0EF /* TestHeadCollectionReusableView.xib */ = {isa = PBXFileReference; lastKnownFileType = file.xib; path = TestHeadCollectionReusableView.xib; sourceTree = "<group>"; };
		5219674022DD684900ABC0EF /* TestFooterCollectionReusableView.swift */ = {isa = PBXFileReference; fileEncoding = 4; lastKnownFileType = sourcecode.swift; path = TestFooterCollectionReusableView.swift; sourceTree = "<group>"; };
		5219674122DD684900ABC0EF /* TestFooterCollectionReusableView.xib */ = {isa = PBXFileReference; fileEncoding = 4; lastKnownFileType = file.xib; path = TestFooterCollectionReusableView.xib; sourceTree = "<group>"; };
/* End PBXFileReference section */

/* Begin PBXFrameworksBuildPhase section */
		5219671722DD564000ABC0EF /* Frameworks */ = {
			isa = PBXFrameworksBuildPhase;
			buildActionMask = 2147483647;
			files = (
				205850DC2A8DF0670085A8B0 /* EasyConstraints in Frameworks */,
			);
			runOnlyForDeploymentPostprocessing = 0;
		};
/* End PBXFrameworksBuildPhase section */

/* Begin PBXGroup section */
		20AE47EF28AB85F900EFBC9A /* Sources */ = {
			isa = PBXGroup;
			children = (
				20AE47F028AB85F900EFBC9A /* CollectionViewAdapter */,
			);
			name = Sources;
			path = ../../Sources;
			sourceTree = "<group>";
		};
		20AE47F028AB85F900EFBC9A /* CollectionViewAdapter */ = {
			isa = PBXGroup;
			children = (
				20AE47F128AB85F900EFBC9A /* CollectionViewAdapter.swift */,
				20D7E3362CC76FF000556DCD /* UICollctionView+Adapter.swift */,
				20AE47F228AB85F900EFBC9A /* CollectionView+Cell.swift */,
				205850D82A8DEF570085A8B0 /* StickyViewController.swift */,
				205850D62A8DEF340085A8B0 /* UICollectionViewAdapterData.swift */,
				205850DD2A8DF0E40085A8B0 /* UICollectionViewAdapterCellProtocol.swift */,
			);
			path = CollectionViewAdapter;
			sourceTree = "<group>";
		};
		5219671122DD564000ABC0EF = {
			isa = PBXGroup;
			children = (
				20AE47F528AB86EA00EFBC9A /* README.md */,
				5219671C22DD564000ABC0EF /* CollectionViewAdapter */,
				5219671B22DD564000ABC0EF /* Products */,
			);
			sourceTree = "<group>";
		};
		5219671B22DD564000ABC0EF /* Products */ = {
			isa = PBXGroup;
			children = (
				5219671A22DD564000ABC0EF /* CollectionViewAdapter.app */,
			);
			name = Products;
			sourceTree = "<group>";
		};
		5219671C22DD564000ABC0EF /* CollectionViewAdapter */ = {
			isa = PBXGroup;
			children = (
				20AE47EF28AB85F900EFBC9A /* Sources */,
				5219671D22DD564000ABC0EF /* AppDelegate.swift */,
				5219671F22DD564000ABC0EF /* ViewController.swift */,
				5219673C22DD60BF00ABC0EF /* TestHeadCollectionReusableView.swift */,
				5219673D22DD60BF00ABC0EF /* TestHeadCollectionReusableView.xib */,
				5219674022DD684900ABC0EF /* TestFooterCollectionReusableView.swift */,
				5219674122DD684900ABC0EF /* TestFooterCollectionReusableView.xib */,
				5219673822DD5F6900ABC0EF /* TestCollectionViewCell.swift */,
				5219673922DD5F6900ABC0EF /* TestCollectionViewCell.xib */,
				5219672122DD564000ABC0EF /* Main.storyboard */,
				5219672422DD564100ABC0EF /* Assets.xcassets */,
				5219672622DD564100ABC0EF /* LaunchScreen.storyboard */,
				5219672922DD564100ABC0EF /* Info.plist */,
			);
			path = CollectionViewAdapter;
			sourceTree = "<group>";
		};
/* End PBXGroup section */

/* Begin PBXNativeTarget section */
		5219671922DD564000ABC0EF /* CollectionViewAdapter */ = {
			isa = PBXNativeTarget;
			buildConfigurationList = 5219672C22DD564100ABC0EF /* Build configuration list for PBXNativeTarget "CollectionViewAdapter" */;
			buildPhases = (
				5219671622DD564000ABC0EF /* Sources */,
				5219671722DD564000ABC0EF /* Frameworks */,
				5219671822DD564000ABC0EF /* Resources */,
			);
			buildRules = (
			);
			dependencies = (
			);
			name = CollectionViewAdapter;
			packageProductDependencies = (
				205850DB2A8DF0670085A8B0 /* EasyConstraints */,
			);
			productName = CollectionViewAdapter;
			productReference = 5219671A22DD564000ABC0EF /* CollectionViewAdapter.app */;
			productType = "com.apple.product-type.application";
		};
/* End PBXNativeTarget section */

/* Begin PBXProject section */
		5219671222DD564000ABC0EF /* Project object */ = {
			isa = PBXProject;
			attributes = {
				LastSwiftUpdateCheck = 1020;
				LastUpgradeCheck = 1020;
				ORGANIZATIONNAME = pkh;
				TargetAttributes = {
					5219671922DD564000ABC0EF = {
						CreatedOnToolsVersion = 10.2.1;
					};
				};
			};
			buildConfigurationList = 5219671522DD564000ABC0EF /* Build configuration list for PBXProject "CollectionViewAdapter" */;
			compatibilityVersion = "Xcode 9.3";
			developmentRegion = en;
			hasScannedForEncodings = 0;
			knownRegions = (
				en,
				Base,
			);
			mainGroup = 5219671122DD564000ABC0EF;
			packageReferences = (
				205850DA2A8DF0670085A8B0 /* XCRemoteSwiftPackageReference "EasyConstraints" */,
			);
			productRefGroup = 5219671B22DD564000ABC0EF /* Products */;
			projectDirPath = "";
			projectRoot = "";
			targets = (
				5219671922DD564000ABC0EF /* CollectionViewAdapter */,
			);
		};
/* End PBXProject section */

/* Begin PBXResourcesBuildPhase section */
		5219671822DD564000ABC0EF /* Resources */ = {
			isa = PBXResourcesBuildPhase;
			buildActionMask = 2147483647;
			files = (
				5219674322DD684900ABC0EF /* TestFooterCollectionReusableView.xib in Resources */,
				5219672822DD564100ABC0EF /* LaunchScreen.storyboard in Resources */,
				5219672522DD564100ABC0EF /* Assets.xcassets in Resources */,
				20AE47F628AB86EA00EFBC9A /* README.md in Resources */,
				5219673B22DD5F6900ABC0EF /* TestCollectionViewCell.xib in Resources */,
				5219672322DD564000ABC0EF /* Main.storyboard in Resources */,
				5219673F22DD60BF00ABC0EF /* TestHeadCollectionReusableView.xib in Resources */,
			);
			runOnlyForDeploymentPostprocessing = 0;
		};
/* End PBXResourcesBuildPhase section */

/* Begin PBXSourcesBuildPhase section */
		5219671622DD564000ABC0EF /* Sources */ = {
			isa = PBXSourcesBuildPhase;
			buildActionMask = 2147483647;
			files = (
				20AE47F328AB85F900EFBC9A /* CollectionViewAdapter.swift in Sources */,
				5219673E22DD60BF00ABC0EF /* TestHeadCollectionReusableView.swift in Sources */,
				205850DE2A8DF0E40085A8B0 /* UICollectionViewAdapterCellProtocol.swift in Sources */,
				5219673A22DD5F6900ABC0EF /* TestCollectionViewCell.swift in Sources */,
				5219674222DD684900ABC0EF /* TestFooterCollectionReusableView.swift in Sources */,
				205850D72A8DEF340085A8B0 /* UICollectionViewAdapterData.swift in Sources */,
				20D7E3372CC7700B00556DCD /* UICollctionView+Adapter.swift in Sources */,
				5219672022DD564000ABC0EF /* ViewController.swift in Sources */,
				5219671E22DD564000ABC0EF /* AppDelegate.swift in Sources */,
				20AE47F428AB85F900EFBC9A /* CollectionView+Cell.swift in Sources */,
				205850D92A8DEF570085A8B0 /* StickyViewController.swift in Sources */,
			);
			runOnlyForDeploymentPostprocessing = 0;
		};
/* End PBXSourcesBuildPhase section */

/* Begin PBXVariantGroup section */
		5219672122DD564000ABC0EF /* Main.storyboard */ = {
			isa = PBXVariantGroup;
			children = (
				5219672222DD564000ABC0EF /* Base */,
			);
			name = Main.storyboard;
			sourceTree = "<group>";
		};
		5219672622DD564100ABC0EF /* LaunchScreen.storyboard */ = {
			isa = PBXVariantGroup;
			children = (
				5219672722DD564100ABC0EF /* Base */,
			);
			name = LaunchScreen.storyboard;
			sourceTree = "<group>";
		};
/* End PBXVariantGroup section */

/* Begin XCBuildConfiguration section */
		5219672A22DD564100ABC0EF /* Debug */ = {
			isa = XCBuildConfiguration;
			buildSettings = {
				ALWAYS_SEARCH_USER_PATHS = NO;
				CLANG_ANALYZER_NONNULL = YES;
				CLANG_ANALYZER_NUMBER_OBJECT_CONVERSION = YES_AGGRESSIVE;
				CLANG_CXX_LANGUAGE_STANDARD = "gnu++14";
				CLANG_CXX_LIBRARY = "libc++";
				CLANG_ENABLE_MODULES = YES;
				CLANG_ENABLE_OBJC_ARC = YES;
				CLANG_ENABLE_OBJC_WEAK = YES;
				CLANG_WARN_BLOCK_CAPTURE_AUTORELEASING = YES;
				CLANG_WARN_BOOL_CONVERSION = YES;
				CLANG_WARN_COMMA = YES;
				CLANG_WARN_CONSTANT_CONVERSION = YES;
				CLANG_WARN_DEPRECATED_OBJC_IMPLEMENTATIONS = YES;
				CLANG_WARN_DIRECT_OBJC_ISA_USAGE = YES_ERROR;
				CLANG_WARN_DOCUMENTATION_COMMENTS = YES;
				CLANG_WARN_EMPTY_BODY = YES;
				CLANG_WARN_ENUM_CONVERSION = YES;
				CLANG_WARN_INFINITE_RECURSION = YES;
				CLANG_WARN_INT_CONVERSION = YES;
				CLANG_WARN_NON_LITERAL_NULL_CONVERSION = YES;
				CLANG_WARN_OBJC_IMPLICIT_RETAIN_SELF = YES;
				CLANG_WARN_OBJC_LITERAL_CONVERSION = YES;
				CLANG_WARN_OBJC_ROOT_CLASS = YES_ERROR;
				CLANG_WARN_RANGE_LOOP_ANALYSIS = YES;
				CLANG_WARN_STRICT_PROTOTYPES = YES;
				CLANG_WARN_SUSPICIOUS_MOVE = YES;
				CLANG_WARN_UNGUARDED_AVAILABILITY = YES_AGGRESSIVE;
				CLANG_WARN_UNREACHABLE_CODE = YES;
				CLANG_WARN__DUPLICATE_METHOD_MATCH = YES;
				CODE_SIGN_IDENTITY = "iPhone Developer";
				COPY_PHASE_STRIP = NO;
				DEBUG_INFORMATION_FORMAT = dwarf;
				ENABLE_STRICT_OBJC_MSGSEND = YES;
				ENABLE_TESTABILITY = YES;
				GCC_C_LANGUAGE_STANDARD = gnu11;
				GCC_DYNAMIC_NO_PIC = NO;
				GCC_NO_COMMON_BLOCKS = YES;
				GCC_OPTIMIZATION_LEVEL = 0;
				GCC_PREPROCESSOR_DEFINITIONS = (
					"DEBUG=1",
					"$(inherited)",
				);
				GCC_WARN_64_TO_32_BIT_CONVERSION = YES;
				GCC_WARN_ABOUT_RETURN_TYPE = YES_ERROR;
				GCC_WARN_UNDECLARED_SELECTOR = YES;
				GCC_WARN_UNINITIALIZED_AUTOS = YES_AGGRESSIVE;
				GCC_WARN_UNUSED_FUNCTION = YES;
				GCC_WARN_UNUSED_VARIABLE = YES;
				IPHONEOS_DEPLOYMENT_TARGET = 12.2;
				MTL_ENABLE_DEBUG_INFO = INCLUDE_SOURCE;
				MTL_FAST_MATH = YES;
				ONLY_ACTIVE_ARCH = YES;
				SDKROOT = iphoneos;
				SWIFT_ACTIVE_COMPILATION_CONDITIONS = DEBUG;
				SWIFT_OPTIMIZATION_LEVEL = "-Onone";
			};
			name = Debug;
		};
		5219672B22DD564100ABC0EF /* Release */ = {
			isa = XCBuildConfiguration;
			buildSettings = {
				ALWAYS_SEARCH_USER_PATHS = NO;
				CLANG_ANALYZER_NONNULL = YES;
				CLANG_ANALYZER_NUMBER_OBJECT_CONVERSION = YES_AGGRESSIVE;
				CLANG_CXX_LANGUAGE_STANDARD = "gnu++14";
				CLANG_CXX_LIBRARY = "libc++";
				CLANG_ENABLE_MODULES = YES;
				CLANG_ENABLE_OBJC_ARC = YES;
				CLANG_ENABLE_OBJC_WEAK = YES;
				CLANG_WARN_BLOCK_CAPTURE_AUTORELEASING = YES;
				CLANG_WARN_BOOL_CONVERSION = YES;
				CLANG_WARN_COMMA = YES;
				CLANG_WARN_CONSTANT_CONVERSION = YES;
				CLANG_WARN_DEPRECATED_OBJC_IMPLEMENTATIONS = YES;
				CLANG_WARN_DIRECT_OBJC_ISA_USAGE = YES_ERROR;
				CLANG_WARN_DOCUMENTATION_COMMENTS = YES;
				CLANG_WARN_EMPTY_BODY = YES;
				CLANG_WARN_ENUM_CONVERSION = YES;
				CLANG_WARN_INFINITE_RECURSION = YES;
				CLANG_WARN_INT_CONVERSION = YES;
				CLANG_WARN_NON_LITERAL_NULL_CONVERSION = YES;
				CLANG_WARN_OBJC_IMPLICIT_RETAIN_SELF = YES;
				CLANG_WARN_OBJC_LITERAL_CONVERSION = YES;
				CLANG_WARN_OBJC_ROOT_CLASS = YES_ERROR;
				CLANG_WARN_RANGE_LOOP_ANALYSIS = YES;
				CLANG_WARN_STRICT_PROTOTYPES = YES;
				CLANG_WARN_SUSPICIOUS_MOVE = YES;
				CLANG_WARN_UNGUARDED_AVAILABILITY = YES_AGGRESSIVE;
				CLANG_WARN_UNREACHABLE_CODE = YES;
				CLANG_WARN__DUPLICATE_METHOD_MATCH = YES;
				CODE_SIGN_IDENTITY = "iPhone Developer";
				COPY_PHASE_STRIP = NO;
				DEBUG_INFORMATION_FORMAT = "dwarf-with-dsym";
				ENABLE_NS_ASSERTIONS = NO;
				ENABLE_STRICT_OBJC_MSGSEND = YES;
				GCC_C_LANGUAGE_STANDARD = gnu11;
				GCC_NO_COMMON_BLOCKS = YES;
				GCC_WARN_64_TO_32_BIT_CONVERSION = YES;
				GCC_WARN_ABOUT_RETURN_TYPE = YES_ERROR;
				GCC_WARN_UNDECLARED_SELECTOR = YES;
				GCC_WARN_UNINITIALIZED_AUTOS = YES_AGGRESSIVE;
				GCC_WARN_UNUSED_FUNCTION = YES;
				GCC_WARN_UNUSED_VARIABLE = YES;
				IPHONEOS_DEPLOYMENT_TARGET = 12.2;
				MTL_ENABLE_DEBUG_INFO = NO;
				MTL_FAST_MATH = YES;
				SDKROOT = iphoneos;
				SWIFT_COMPILATION_MODE = wholemodule;
				SWIFT_OPTIMIZATION_LEVEL = "-O";
				VALIDATE_PRODUCT = YES;
			};
			name = Release;
		};
		5219672D22DD564100ABC0EF /* Debug */ = {
			isa = XCBuildConfiguration;
			buildSettings = {
				ASSETCATALOG_COMPILER_APPICON_NAME = AppIcon;
				CODE_SIGN_STYLE = Automatic;
				DEVELOPMENT_TEAM = 7CMNW8US5Y;
				INFOPLIST_FILE = CollectionViewAdapter/Info.plist;
				LD_RUNPATH_SEARCH_PATHS = (
					"$(inherited)",
					"@executable_path/Frameworks",
				);
				PRODUCT_BUNDLE_IDENTIFIER = com.beta.CollectionViewAdapter;
				PRODUCT_NAME = "$(TARGET_NAME)";
				SWIFT_VERSION = 5.0;
				TARGETED_DEVICE_FAMILY = "1,2";
			};
			name = Debug;
		};
		5219672E22DD564100ABC0EF /* Release */ = {
			isa = XCBuildConfiguration;
			buildSettings = {
				ASSETCATALOG_COMPILER_APPICON_NAME = AppIcon;
				CODE_SIGN_STYLE = Automatic;
				DEVELOPMENT_TEAM = 7CMNW8US5Y;
				INFOPLIST_FILE = CollectionViewAdapter/Info.plist;
				LD_RUNPATH_SEARCH_PATHS = (
					"$(inherited)",
					"@executable_path/Frameworks",
				);
				PRODUCT_BUNDLE_IDENTIFIER = com.beta.CollectionViewAdapter;
				PRODUCT_NAME = "$(TARGET_NAME)";
				SWIFT_VERSION = 5.0;
				TARGETED_DEVICE_FAMILY = "1,2";
			};
			name = Release;
		};
/* End XCBuildConfiguration section */

/* Begin XCConfigurationList section */
		5219671522DD564000ABC0EF /* Build configuration list for PBXProject "CollectionViewAdapter" */ = {
			isa = XCConfigurationList;
			buildConfigurations = (
				5219672A22DD564100ABC0EF /* Debug */,
				5219672B22DD564100ABC0EF /* Release */,
			);
			defaultConfigurationIsVisible = 0;
			defaultConfigurationName = Release;
		};
		5219672C22DD564100ABC0EF /* Build configuration list for PBXNativeTarget "CollectionViewAdapter" */ = {
			isa = XCConfigurationList;
			buildConfigurations = (
				5219672D22DD564100ABC0EF /* Debug */,
				5219672E22DD564100ABC0EF /* Release */,
			);
			defaultConfigurationIsVisible = 0;
			defaultConfigurationName = Release;
		};
/* End XCConfigurationList section */

/* Begin XCRemoteSwiftPackageReference section */
		205850DA2A8DF0670085A8B0 /* XCRemoteSwiftPackageReference "EasyConstraints" */ = {
			isa = XCRemoteSwiftPackageReference;
			repositoryURL = "https://github.com/pkh0225/EasyConstraints.git";
			requirement = {
				kind = upToNextMajorVersion;
				minimumVersion = 1.0.0;
			};
		};
/* End XCRemoteSwiftPackageReference section */

/* Begin XCSwiftPackageProductDependency section */
		205850DB2A8DF0670085A8B0 /* EasyConstraints */ = {
			isa = XCSwiftPackageProductDependency;
			package = 205850DA2A8DF0670085A8B0 /* XCRemoteSwiftPackageReference "EasyConstraints" */;
			productName = EasyConstraints;
		};
/* End XCSwiftPackageProductDependency section */
	};
	rootObject = 5219671222DD564000ABC0EF /* Project object */;
}
